
Microsoft Visual Studio Solution File, Format Version 12.00
# Visual Studio Version 16
VisualStudioVersion = 16.0.30717.126
MinimumVisualStudioVersion = 10.0.40219.1
Project("{FAE04EC0-301F-11D3-BF4B-00C04F79EFBC}") = "RCT3Pal", "RCT3Pal.csproj", "{31263ED1-A91C-49CD-B31D-224DE3C29225}"
EndProject
Global
	GlobalSection(SolutionConfigurationPlatforms) = preSolution
		Debug|Any CPU = Debug|Any CPU
		Release|Any CPU = Release|Any CPU
	EndGlobalSection
	GlobalSection(ProjectConfigurationPlatforms) = postSolution
		{31263ED1-A91C-49CD-B31D-224DE3C29225}.Debug|Any CPU.ActiveCfg = Debug|Any CPU
		{31263ED1-A91C-49CD-B31D-224DE3C29225}.Debug|Any CPU.Build.0 = Debug|Any CPU
		{31263ED1-A91C-49CD-B31D-224DE3C29225}.Release|Any CPU.ActiveCfg = Release|Any CPU
		{31263ED1-A91C-49CD-B31D-224DE3C29225}.Release|Any CPU.Build.0 = Release|Any CPU
	EndGlobalSection
	GlobalSection(SolutionProperties) = preSolution
		HideSolutionNode = FALSE
	EndGlobalSection
	GlobalSection(ExtensibilityGlobals) = postSolution
		SolutionGuid = {2FD2FFEA-9D12-427A-8C98-514C112DA781}
	EndGlobalSection
EndGlobal
